// !$*UTF8*$!
{
	archiveVersion = 1;
	classes = {
	};
	objectVersion = 50;
	objects = {

/* Begin PBXBuildFile section */
		2A81EC69D0CE96E38FC7B5C1 /* libPods-Weather.a in Frameworks */ = {isa = PBXBuildFile; fileRef = 0BE4EEBF6EE7BC6FFBDD745C /* libPods-Weather.a */; };
		371BDD8D249818610092DE11 /* AppDelegate.swift in Sources */ = {isa = PBXBuildFile; fileRef = 371BDD8C249818610092DE11 /* AppDelegate.swift */; };
		371BDD8F249818610092DE11 /* SceneDelegate.swift in Sources */ = {isa = PBXBuildFile; fileRef = 371BDD8E249818610092DE11 /* SceneDelegate.swift */; };
		371BDD91249818610092DE11 /* WeatherViewController.swift in Sources */ = {isa = PBXBuildFile; fileRef = 371BDD90249818610092DE11 /* WeatherViewController.swift */; };
		371BDD96249818620092DE11 /* Assets.xcassets in Resources */ = {isa = PBXBuildFile; fileRef = 371BDD95249818620092DE11 /* Assets.xcassets */; };
		371BDD99249818620092DE11 /* LaunchScreen.storyboard in Resources */ = {isa = PBXBuildFile; fileRef = 371BDD97249818620092DE11 /* LaunchScreen.storyboard */; };
		37200F6124987DFF007602F7 /* WeatherColor.swift in Sources */ = {isa = PBXBuildFile; fileRef = 37200F6024987DFF007602F7 /* WeatherColor.swift */; };
		37200F632499618C007602F7 /* WeatherViewModel.swift in Sources */ = {isa = PBXBuildFile; fileRef = 37200F622499618C007602F7 /* WeatherViewModel.swift */; };
		37200F6524996705007602F7 /* WeatherViewData.swift in Sources */ = {isa = PBXBuildFile; fileRef = 37200F6424996705007602F7 /* WeatherViewData.swift */; };
		37200F6724996C5D007602F7 /* WeatherConditionColor.swift in Sources */ = {isa = PBXBuildFile; fileRef = 37200F6624996C5D007602F7 /* WeatherConditionColor.swift */; };
		37200F6924996C70007602F7 /* GradientColor.swift in Sources */ = {isa = PBXBuildFile; fileRef = 37200F6824996C70007602F7 /* GradientColor.swift */; };
		37200F6D24997587007602F7 /* MainNavigator.swift in Sources */ = {isa = PBXBuildFile; fileRef = 37200F6C24997587007602F7 /* MainNavigator.swift */; };
		37200F6F2499759B007602F7 /* Navigator.swift in Sources */ = {isa = PBXBuildFile; fileRef = 37200F6E2499759B007602F7 /* Navigator.swift */; };
		37200F7224997C8A007602F7 /* Date+Extensios.swift in Sources */ = {isa = PBXBuildFile; fileRef = 37200F7124997C8A007602F7 /* Date+Extensios.swift */; };
		37200F7624997F29007602F7 /* ForecastView.swift in Sources */ = {isa = PBXBuildFile; fileRef = 37200F7524997F29007602F7 /* ForecastView.swift */; };
		37200F7824998147007602F7 /* ForecastViewTests.swift in Sources */ = {isa = PBXBuildFile; fileRef = 37200F7724998147007602F7 /* ForecastViewTests.swift */; };
		37200F7A249985E1007602F7 /* ForecastCell.swift in Sources */ = {isa = PBXBuildFile; fileRef = 37200F79249985E1007602F7 /* ForecastCell.swift */; };
		37200F7C249986C4007602F7 /* ForecastCollection.swift in Sources */ = {isa = PBXBuildFile; fileRef = 37200F7B249986C4007602F7 /* ForecastCollection.swift */; };
		37200F7E2499C41A007602F7 /* WeatherTemperatureView.swift in Sources */ = {isa = PBXBuildFile; fileRef = 37200F7D2499C41A007602F7 /* WeatherTemperatureView.swift */; };
		37200F802499D096007602F7 /* ForecastViewData.swift in Sources */ = {isa = PBXBuildFile; fileRef = 37200F7F2499D096007602F7 /* ForecastViewData.swift */; };
		37BF45B324985CF20094E700 /* WeatherResponse.swift in Sources */ = {isa = PBXBuildFile; fileRef = 37BF45B224985CF20094E700 /* WeatherResponse.swift */; };
		37BF45B524985D080094E700 /* Weather.swift in Sources */ = {isa = PBXBuildFile; fileRef = 37BF45B424985D080094E700 /* Weather.swift */; };
		37BF45B724985D230094E700 /* WeatherInfo.swift in Sources */ = {isa = PBXBuildFile; fileRef = 37BF45B624985D230094E700 /* WeatherInfo.swift */; };
		37BF45B924985D3B0094E700 /* Temperature.swift in Sources */ = {isa = PBXBuildFile; fileRef = 37BF45B824985D3B0094E700 /* Temperature.swift */; };
		37BF45BC249861570094E700 /* ViewCodable.swift in Sources */ = {isa = PBXBuildFile; fileRef = 37BF45BB249861570094E700 /* ViewCodable.swift */; };
		37BF45C1249861D20094E700 /* WeatherConditionView.swift in Sources */ = {isa = PBXBuildFile; fileRef = 37BF45C0249861D20094E700 /* WeatherConditionView.swift */; };
		37BF45C3249863320094E700 /* WeatherConditionViewTests.swift in Sources */ = {isa = PBXBuildFile; fileRef = 37BF45C2249863320094E700 /* WeatherConditionViewTests.swift */; };
		37BF45CE2498652C0094E700 /* SF-Pro-Rounded-Semibold.otf in Resources */ = {isa = PBXBuildFile; fileRef = 37BF45C52498652C0094E700 /* SF-Pro-Rounded-Semibold.otf */; };
		37BF45CF2498652C0094E700 /* SF-Pro-Rounded-Regular.otf in Resources */ = {isa = PBXBuildFile; fileRef = 37BF45C62498652C0094E700 /* SF-Pro-Rounded-Regular.otf */; };
		37BF45D02498652C0094E700 /* SF-Pro-Rounded-Black.otf in Resources */ = {isa = PBXBuildFile; fileRef = 37BF45C72498652C0094E700 /* SF-Pro-Rounded-Black.otf */; };
		37BF45D12498652C0094E700 /* SF-Pro-Rounded-Light.otf in Resources */ = {isa = PBXBuildFile; fileRef = 37BF45C82498652C0094E700 /* SF-Pro-Rounded-Light.otf */; };
		37BF45D22498652C0094E700 /* SF-Pro-Rounded-Thin.otf in Resources */ = {isa = PBXBuildFile; fileRef = 37BF45C92498652C0094E700 /* SF-Pro-Rounded-Thin.otf */; };
		37BF45D32498652C0094E700 /* SF-Pro-Rounded-Medium.otf in Resources */ = {isa = PBXBuildFile; fileRef = 37BF45CA2498652C0094E700 /* SF-Pro-Rounded-Medium.otf */; };
		37BF45D42498652C0094E700 /* SF-Pro-Rounded-Ultralight.otf in Resources */ = {isa = PBXBuildFile; fileRef = 37BF45CB2498652C0094E700 /* SF-Pro-Rounded-Ultralight.otf */; };
		37BF45D52498652C0094E700 /* SF-Pro-Rounded-Heavy.otf in Resources */ = {isa = PBXBuildFile; fileRef = 37BF45CC2498652C0094E700 /* SF-Pro-Rounded-Heavy.otf */; };
		37BF45D62498652C0094E700 /* SF-Pro-Rounded-Bold.otf in Resources */ = {isa = PBXBuildFile; fileRef = 37BF45CD2498652C0094E700 /* SF-Pro-Rounded-Bold.otf */; };
		37BF45DA2498674A0094E700 /* weather-condition.png in Resources */ = {isa = PBXBuildFile; fileRef = 37BF45D8249866D80094E700 /* weather-condition.png */; };
		37C08C402498223D00D29842 /* R.generated.swift in Sources */ = {isa = PBXBuildFile; fileRef = 37C08C3F2498223D00D29842 /* R.generated.swift */; };
		37C08C422498283400D29842 /* WeatherAPI.swift in Sources */ = {isa = PBXBuildFile; fileRef = 37C08C412498283400D29842 /* WeatherAPI.swift */; };
		37C08C442498286800D29842 /* Route.swift in Sources */ = {isa = PBXBuildFile; fileRef = 37C08C432498286800D29842 /* Route.swift */; };
		37C08C46249828F100D29842 /* HTTPMethod.swift in Sources */ = {isa = PBXBuildFile; fileRef = 37C08C45249828F100D29842 /* HTTPMethod.swift */; };
		37C08C492498292600D29842 /* EncoderType.swift in Sources */ = {isa = PBXBuildFile; fileRef = 37C08C482498292600D29842 /* EncoderType.swift */; };
		37C08C4B2498293500D29842 /* ParameterEncoderType.swift in Sources */ = {isa = PBXBuildFile; fileRef = 37C08C4A2498293500D29842 /* ParameterEncoderType.swift */; };
		37C08C4D2498295800D29842 /* ParameterEncoder.swift in Sources */ = {isa = PBXBuildFile; fileRef = 37C08C4C2498295800D29842 /* ParameterEncoder.swift */; };
		37C08C4F2498297F00D29842 /* URLEncoder.swift in Sources */ = {isa = PBXBuildFile; fileRef = 37C08C4E2498297F00D29842 /* URLEncoder.swift */; };
		37C08C512498299100D29842 /* BodyEncoder.swift in Sources */ = {isa = PBXBuildFile; fileRef = 37C08C502498299100D29842 /* BodyEncoder.swift */; };
		37C08C53249829CD00D29842 /* URLSessionType.swift in Sources */ = {isa = PBXBuildFile; fileRef = 37C08C52249829CD00D29842 /* URLSessionType.swift */; };
		37C08C5524982A0A00D29842 /* NetworkManager.swift in Sources */ = {isa = PBXBuildFile; fileRef = 37C08C5424982A0A00D29842 /* NetworkManager.swift */; };
		37C08C5824982A2F00D29842 /* WeatherError.swift in Sources */ = {isa = PBXBuildFile; fileRef = 37C08C5724982A2F00D29842 /* WeatherError.swift */; };
		37C08C5E24983AF500D29842 /* WeatherService.swift in Sources */ = {isa = PBXBuildFile; fileRef = 37C08C5D24983AF500D29842 /* WeatherService.swift */; };
		37C08C6024984E1100D29842 /* Forecast.swift in Sources */ = {isa = PBXBuildFile; fileRef = 37C08C5F24984E1100D29842 /* Forecast.swift */; };
		CD68BF0F98FACF672CEE93E3 /* libPods-Weather-WeatherTests.a in Frameworks */ = {isa = PBXBuildFile; fileRef = 091F32E225DA39111C85B9B8 /* libPods-Weather-WeatherTests.a */; };
/* End PBXBuildFile section */

/* Begin PBXContainerItemProxy section */
		371BDDA0249818620092DE11 /* PBXContainerItemProxy */ = {
			isa = PBXContainerItemProxy;
			containerPortal = 371BDD81249818610092DE11 /* Project object */;
			proxyType = 1;
			remoteGlobalIDString = 371BDD88249818610092DE11;
			remoteInfo = Weather;
		};
/* End PBXContainerItemProxy section */

/* Begin PBXFileReference section */
		091F32E225DA39111C85B9B8 /* libPods-Weather-WeatherTests.a */ = {isa = PBXFileReference; explicitFileType = archive.ar; includeInIndex = 0; path = "libPods-Weather-WeatherTests.a"; sourceTree = BUILT_PRODUCTS_DIR; };
		0BE4EEBF6EE7BC6FFBDD745C /* libPods-Weather.a */ = {isa = PBXFileReference; explicitFileType = archive.ar; includeInIndex = 0; path = "libPods-Weather.a"; sourceTree = BUILT_PRODUCTS_DIR; };
		20622E0ACFE6212B48F89633 /* Pods-Weather-WeatherTests.debug.xcconfig */ = {isa = PBXFileReference; includeInIndex = 1; lastKnownFileType = text.xcconfig; name = "Pods-Weather-WeatherTests.debug.xcconfig"; path = "Target Support Files/Pods-Weather-WeatherTests/Pods-Weather-WeatherTests.debug.xcconfig"; sourceTree = "<group>"; };
		21D46AD6490B471F914C476F /* Pods-Weather.debug.xcconfig */ = {isa = PBXFileReference; includeInIndex = 1; lastKnownFileType = text.xcconfig; name = "Pods-Weather.debug.xcconfig"; path = "Target Support Files/Pods-Weather/Pods-Weather.debug.xcconfig"; sourceTree = "<group>"; };
		371BDD89249818610092DE11 /* Weather.app */ = {isa = PBXFileReference; explicitFileType = wrapper.application; includeInIndex = 0; path = Weather.app; sourceTree = BUILT_PRODUCTS_DIR; };
		371BDD8C249818610092DE11 /* AppDelegate.swift */ = {isa = PBXFileReference; lastKnownFileType = sourcecode.swift; path = AppDelegate.swift; sourceTree = "<group>"; };
		371BDD8E249818610092DE11 /* SceneDelegate.swift */ = {isa = PBXFileReference; lastKnownFileType = sourcecode.swift; path = SceneDelegate.swift; sourceTree = "<group>"; };
		371BDD90249818610092DE11 /* WeatherViewController.swift */ = {isa = PBXFileReference; lastKnownFileType = sourcecode.swift; path = WeatherViewController.swift; sourceTree = "<group>"; };
		371BDD95249818620092DE11 /* Assets.xcassets */ = {isa = PBXFileReference; lastKnownFileType = folder.assetcatalog; path = Assets.xcassets; sourceTree = "<group>"; };
		371BDD98249818620092DE11 /* Base */ = {isa = PBXFileReference; lastKnownFileType = file.storyboard; name = Base; path = Base.lproj/LaunchScreen.storyboard; sourceTree = "<group>"; };
		371BDD9A249818620092DE11 /* Info.plist */ = {isa = PBXFileReference; lastKnownFileType = text.plist.xml; path = Info.plist; sourceTree = "<group>"; };
		371BDD9F249818620092DE11 /* WeatherTests.xctest */ = {isa = PBXFileReference; explicitFileType = wrapper.cfbundle; includeInIndex = 0; path = WeatherTests.xctest; sourceTree = BUILT_PRODUCTS_DIR; };
		371BDDA5249818620092DE11 /* Info.plist */ = {isa = PBXFileReference; lastKnownFileType = text.plist.xml; path = Info.plist; sourceTree = "<group>"; };
		37200F6024987DFF007602F7 /* WeatherColor.swift */ = {isa = PBXFileReference; lastKnownFileType = sourcecode.swift; path = WeatherColor.swift; sourceTree = "<group>"; };
		37200F622499618C007602F7 /* WeatherViewModel.swift */ = {isa = PBXFileReference; lastKnownFileType = sourcecode.swift; path = WeatherViewModel.swift; sourceTree = "<group>"; };
		37200F6424996705007602F7 /* WeatherViewData.swift */ = {isa = PBXFileReference; lastKnownFileType = sourcecode.swift; path = WeatherViewData.swift; sourceTree = "<group>"; };
		37200F6624996C5D007602F7 /* WeatherConditionColor.swift */ = {isa = PBXFileReference; lastKnownFileType = sourcecode.swift; path = WeatherConditionColor.swift; sourceTree = "<group>"; };
		37200F6824996C70007602F7 /* GradientColor.swift */ = {isa = PBXFileReference; lastKnownFileType = sourcecode.swift; path = GradientColor.swift; sourceTree = "<group>"; };
		37200F6C24997587007602F7 /* MainNavigator.swift */ = {isa = PBXFileReference; lastKnownFileType = sourcecode.swift; path = MainNavigator.swift; sourceTree = "<group>"; };
		37200F6E2499759B007602F7 /* Navigator.swift */ = {isa = PBXFileReference; lastKnownFileType = sourcecode.swift; path = Navigator.swift; sourceTree = "<group>"; };
		37200F7124997C8A007602F7 /* Date+Extensios.swift */ = {isa = PBXFileReference; lastKnownFileType = sourcecode.swift; path = "Date+Extensios.swift"; sourceTree = "<group>"; };
		37200F7524997F29007602F7 /* ForecastView.swift */ = {isa = PBXFileReference; lastKnownFileType = sourcecode.swift; path = ForecastView.swift; sourceTree = "<group>"; };
		37200F7724998147007602F7 /* ForecastViewTests.swift */ = {isa = PBXFileReference; lastKnownFileType = sourcecode.swift; path = ForecastViewTests.swift; sourceTree = "<group>"; };
		37200F79249985E1007602F7 /* ForecastCell.swift */ = {isa = PBXFileReference; lastKnownFileType = sourcecode.swift; path = ForecastCell.swift; sourceTree = "<group>"; };
		37200F7B249986C4007602F7 /* ForecastCollection.swift */ = {isa = PBXFileReference; lastKnownFileType = sourcecode.swift; path = ForecastCollection.swift; sourceTree = "<group>"; };
		37200F7D2499C41A007602F7 /* WeatherTemperatureView.swift */ = {isa = PBXFileReference; lastKnownFileType = sourcecode.swift; path = WeatherTemperatureView.swift; sourceTree = "<group>"; };
		37200F7F2499D096007602F7 /* ForecastViewData.swift */ = {isa = PBXFileReference; lastKnownFileType = sourcecode.swift; path = ForecastViewData.swift; sourceTree = "<group>"; };
		37BF45B224985CF20094E700 /* WeatherResponse.swift */ = {isa = PBXFileReference; lastKnownFileType = sourcecode.swift; path = WeatherResponse.swift; sourceTree = "<group>"; };
		37BF45B424985D080094E700 /* Weather.swift */ = {isa = PBXFileReference; lastKnownFileType = sourcecode.swift; path = Weather.swift; sourceTree = "<group>"; };
		37BF45B624985D230094E700 /* WeatherInfo.swift */ = {isa = PBXFileReference; lastKnownFileType = sourcecode.swift; path = WeatherInfo.swift; sourceTree = "<group>"; };
		37BF45B824985D3B0094E700 /* Temperature.swift */ = {isa = PBXFileReference; lastKnownFileType = sourcecode.swift; path = Temperature.swift; sourceTree = "<group>"; };
		37BF45BB249861570094E700 /* ViewCodable.swift */ = {isa = PBXFileReference; lastKnownFileType = sourcecode.swift; path = ViewCodable.swift; sourceTree = "<group>"; };
		37BF45C0249861D20094E700 /* WeatherConditionView.swift */ = {isa = PBXFileReference; lastKnownFileType = sourcecode.swift; path = WeatherConditionView.swift; sourceTree = "<group>"; };
		37BF45C2249863320094E700 /* WeatherConditionViewTests.swift */ = {isa = PBXFileReference; lastKnownFileType = sourcecode.swift; path = WeatherConditionViewTests.swift; sourceTree = "<group>"; };
		37BF45C52498652C0094E700 /* SF-Pro-Rounded-Semibold.otf */ = {isa = PBXFileReference; lastKnownFileType = file; path = "SF-Pro-Rounded-Semibold.otf"; sourceTree = "<group>"; };
		37BF45C62498652C0094E700 /* SF-Pro-Rounded-Regular.otf */ = {isa = PBXFileReference; lastKnownFileType = file; path = "SF-Pro-Rounded-Regular.otf"; sourceTree = "<group>"; };
		37BF45C72498652C0094E700 /* SF-Pro-Rounded-Black.otf */ = {isa = PBXFileReference; lastKnownFileType = file; path = "SF-Pro-Rounded-Black.otf"; sourceTree = "<group>"; };
		37BF45C82498652C0094E700 /* SF-Pro-Rounded-Light.otf */ = {isa = PBXFileReference; lastKnownFileType = file; path = "SF-Pro-Rounded-Light.otf"; sourceTree = "<group>"; };
		37BF45C92498652C0094E700 /* SF-Pro-Rounded-Thin.otf */ = {isa = PBXFileReference; lastKnownFileType = file; path = "SF-Pro-Rounded-Thin.otf"; sourceTree = "<group>"; };
		37BF45CA2498652C0094E700 /* SF-Pro-Rounded-Medium.otf */ = {isa = PBXFileReference; lastKnownFileType = file; path = "SF-Pro-Rounded-Medium.otf"; sourceTree = "<group>"; };
		37BF45CB2498652C0094E700 /* SF-Pro-Rounded-Ultralight.otf */ = {isa = PBXFileReference; lastKnownFileType = file; path = "SF-Pro-Rounded-Ultralight.otf"; sourceTree = "<group>"; };
		37BF45CC2498652C0094E700 /* SF-Pro-Rounded-Heavy.otf */ = {isa = PBXFileReference; lastKnownFileType = file; path = "SF-Pro-Rounded-Heavy.otf"; sourceTree = "<group>"; };
		37BF45CD2498652C0094E700 /* SF-Pro-Rounded-Bold.otf */ = {isa = PBXFileReference; lastKnownFileType = file; path = "SF-Pro-Rounded-Bold.otf"; sourceTree = "<group>"; };
		37BF45D8249866D80094E700 /* weather-condition.png */ = {isa = PBXFileReference; lastKnownFileType = image.png; path = "weather-condition.png"; sourceTree = "<group>"; };
		37C08C3F2498223D00D29842 /* R.generated.swift */ = {isa = PBXFileReference; fileEncoding = 4; lastKnownFileType = sourcecode.swift; path = R.generated.swift; sourceTree = "<group>"; };
		37C08C412498283400D29842 /* WeatherAPI.swift */ = {isa = PBXFileReference; lastKnownFileType = sourcecode.swift; path = WeatherAPI.swift; sourceTree = "<group>"; };
		37C08C432498286800D29842 /* Route.swift */ = {isa = PBXFileReference; lastKnownFileType = sourcecode.swift; path = Route.swift; sourceTree = "<group>"; };
		37C08C45249828F100D29842 /* HTTPMethod.swift */ = {isa = PBXFileReference; lastKnownFileType = sourcecode.swift; path = HTTPMethod.swift; sourceTree = "<group>"; };
		37C08C482498292600D29842 /* EncoderType.swift */ = {isa = PBXFileReference; lastKnownFileType = sourcecode.swift; path = EncoderType.swift; sourceTree = "<group>"; };
		37C08C4A2498293500D29842 /* ParameterEncoderType.swift */ = {isa = PBXFileReference; lastKnownFileType = sourcecode.swift; path = ParameterEncoderType.swift; sourceTree = "<group>"; };
		37C08C4C2498295800D29842 /* ParameterEncoder.swift */ = {isa = PBXFileReference; lastKnownFileType = sourcecode.swift; path = ParameterEncoder.swift; sourceTree = "<group>"; };
		37C08C4E2498297F00D29842 /* URLEncoder.swift */ = {isa = PBXFileReference; lastKnownFileType = sourcecode.swift; path = URLEncoder.swift; sourceTree = "<group>"; };
		37C08C502498299100D29842 /* BodyEncoder.swift */ = {isa = PBXFileReference; lastKnownFileType = sourcecode.swift; path = BodyEncoder.swift; sourceTree = "<group>"; };
		37C08C52249829CD00D29842 /* URLSessionType.swift */ = {isa = PBXFileReference; lastKnownFileType = sourcecode.swift; path = URLSessionType.swift; sourceTree = "<group>"; };
		37C08C5424982A0A00D29842 /* NetworkManager.swift */ = {isa = PBXFileReference; lastKnownFileType = sourcecode.swift; path = NetworkManager.swift; sourceTree = "<group>"; };
		37C08C5724982A2F00D29842 /* WeatherError.swift */ = {isa = PBXFileReference; lastKnownFileType = sourcecode.swift; path = WeatherError.swift; sourceTree = "<group>"; };
		37C08C5D24983AF500D29842 /* WeatherService.swift */ = {isa = PBXFileReference; lastKnownFileType = sourcecode.swift; path = WeatherService.swift; sourceTree = "<group>"; };
		37C08C5F24984E1100D29842 /* Forecast.swift */ = {isa = PBXFileReference; lastKnownFileType = sourcecode.swift; path = Forecast.swift; sourceTree = "<group>"; };
		5A35FE576F7110F4FEE6DAC3 /* Pods-Weather-WeatherTests.release.xcconfig */ = {isa = PBXFileReference; includeInIndex = 1; lastKnownFileType = text.xcconfig; name = "Pods-Weather-WeatherTests.release.xcconfig"; path = "Target Support Files/Pods-Weather-WeatherTests/Pods-Weather-WeatherTests.release.xcconfig"; sourceTree = "<group>"; };
		DA174FB06237E7FACB8C2A95 /* Pods-Weather.release.xcconfig */ = {isa = PBXFileReference; includeInIndex = 1; lastKnownFileType = text.xcconfig; name = "Pods-Weather.release.xcconfig"; path = "Target Support Files/Pods-Weather/Pods-Weather.release.xcconfig"; sourceTree = "<group>"; };
/* End PBXFileReference section */

/* Begin PBXFrameworksBuildPhase section */
		371BDD86249818610092DE11 /* Frameworks */ = {
			isa = PBXFrameworksBuildPhase;
			buildActionMask = 2147483647;
			files = (
				2A81EC69D0CE96E38FC7B5C1 /* libPods-Weather.a in Frameworks */,
			);
			runOnlyForDeploymentPostprocessing = 0;
		};
		371BDD9C249818620092DE11 /* Frameworks */ = {
			isa = PBXFrameworksBuildPhase;
			buildActionMask = 2147483647;
			files = (
				CD68BF0F98FACF672CEE93E3 /* libPods-Weather-WeatherTests.a in Frameworks */,
			);
			runOnlyForDeploymentPostprocessing = 0;
		};
/* End PBXFrameworksBuildPhase section */

/* Begin PBXGroup section */
		371BDD80249818610092DE11 = {
			isa = PBXGroup;
			children = (
				371BDD8B249818610092DE11 /* Weather */,
				371BDDA2249818620092DE11 /* WeatherTests */,
				371BDD8A249818610092DE11 /* Products */,
				BFCB788534EEFD23C36FCBF1 /* Pods */,
				5F48B33CE8179B4DE11D6915 /* Frameworks */,
			);
			sourceTree = "<group>";
		};
		371BDD8A249818610092DE11 /* Products */ = {
			isa = PBXGroup;
			children = (
				371BDD89249818610092DE11 /* Weather.app */,
				371BDD9F249818620092DE11 /* WeatherTests.xctest */,
			);
			name = Products;
			sourceTree = "<group>";
		};
		371BDD8B249818610092DE11 /* Weather */ = {
			isa = PBXGroup;
			children = (
				371BDDAF249819AF0092DE11 /* Resources */,
				371BDDAE2498197C0092DE11 /* Application */,
				37200F6B24997571007602F7 /* Navigation */,
				371BDDB0249819F40092DE11 /* Flows */,
				37200F7324997EC9007602F7 /* Components */,
				371BDDB324981B270092DE11 /* Network */,
				371BDDB424981B2C0092DE11 /* Models */,
				371BDDB224981B130092DE11 /* Utils */,
			);
			path = Weather;
			sourceTree = "<group>";
		};
		371BDDA2249818620092DE11 /* WeatherTests */ = {
			isa = PBXGroup;
			children = (
				371BDDA5249818620092DE11 /* Info.plist */,
				37BF45C2249863320094E700 /* WeatherConditionViewTests.swift */,
				37200F7724998147007602F7 /* ForecastViewTests.swift */,
			);
			path = WeatherTests;
			sourceTree = "<group>";
		};
		371BDDAE2498197C0092DE11 /* Application */ = {
			isa = PBXGroup;
			children = (
				371BDD8C249818610092DE11 /* AppDelegate.swift */,
				371BDD8E249818610092DE11 /* SceneDelegate.swift */,
				371BDD9A249818620092DE11 /* Info.plist */,
				371BDD97249818620092DE11 /* LaunchScreen.storyboard */,
			);
			path = Application;
			sourceTree = "<group>";
		};
		371BDDAF249819AF0092DE11 /* Resources */ = {
			isa = PBXGroup;
			children = (
				37BF45D8249866D80094E700 /* weather-condition.png */,
				37BF45C42498652C0094E700 /* Fonts */,
				37C08C3F2498223D00D29842 /* R.generated.swift */,
				371BDD95249818620092DE11 /* Assets.xcassets */,
			);
			path = Resources;
			sourceTree = "<group>";
		};
		371BDDB0249819F40092DE11 /* Flows */ = {
			isa = PBXGroup;
			children = (
				371BDDB124981A050092DE11 /* Weather */,
			);
			path = Flows;
			sourceTree = "<group>";
		};
		371BDDB124981A050092DE11 /* Weather */ = {
			isa = PBXGroup;
			children = (
				37BF45BF2498616F0094E700 /* ViewModels */,
				37BF45BE2498616E0094E700 /* ViewControllers */,
				37BF45BD2498616C0094E700 /* Views */,
				37200F6A24996CDB007602F7 /* ViewData */,
			);
			path = Weather;
			sourceTree = "<group>";
		};
		371BDDB224981B130092DE11 /* Utils */ = {
			isa = PBXGroup;
			children = (
				37200F7024997C56007602F7 /* Extensions */,
				37BF45BA249861460094E700 /* Protocols */,
			);
			path = Utils;
			sourceTree = "<group>";
		};
		371BDDB324981B270092DE11 /* Network */ = {
			isa = PBXGroup;
			children = (
				37C08C5624982A2500D29842 /* Error */,
				371BDDB824981B4A0092DE11 /* Services */,
				371BDDB724981B420092DE11 /* Routes */,
				371BDDB624981B3F0092DE11 /* Core */,
				371BDDB524981B390092DE11 /* Encoding */,
			);
			path = Network;
			sourceTree = "<group>";
		};
		371BDDB424981B2C0092DE11 /* Models */ = {
			isa = PBXGroup;
			children = (
				37C08C5F24984E1100D29842 /* Forecast.swift */,
				37BF45B224985CF20094E700 /* WeatherResponse.swift */,
				37BF45B424985D080094E700 /* Weather.swift */,
				37BF45B624985D230094E700 /* WeatherInfo.swift */,
				37BF45B824985D3B0094E700 /* Temperature.swift */,
				37200F6024987DFF007602F7 /* WeatherColor.swift */,
				37200F6624996C5D007602F7 /* WeatherConditionColor.swift */,
				37200F6824996C70007602F7 /* GradientColor.swift */,
			);
			path = Models;
			sourceTree = "<group>";
		};
		371BDDB524981B390092DE11 /* Encoding */ = {
			isa = PBXGroup;
			children = (
				37C08C472498291900D29842 /* Protocols */,
				37C08C4C2498295800D29842 /* ParameterEncoder.swift */,
				37C08C4E2498297F00D29842 /* URLEncoder.swift */,
				37C08C502498299100D29842 /* BodyEncoder.swift */,
			);
			path = Encoding;
			sourceTree = "<group>";
		};
		371BDDB624981B3F0092DE11 /* Core */ = {
			isa = PBXGroup;
			children = (
				37C08C45249828F100D29842 /* HTTPMethod.swift */,
				37C08C52249829CD00D29842 /* URLSessionType.swift */,
				37C08C5424982A0A00D29842 /* NetworkManager.swift */,
			);
			path = Core;
			sourceTree = "<group>";
		};
		371BDDB724981B420092DE11 /* Routes */ = {
			isa = PBXGroup;
			children = (
				37C08C412498283400D29842 /* WeatherAPI.swift */,
				37C08C432498286800D29842 /* Route.swift */,
			);
			path = Routes;
			sourceTree = "<group>";
		};
		371BDDB824981B4A0092DE11 /* Services */ = {
			isa = PBXGroup;
			children = (
				37C08C5D24983AF500D29842 /* WeatherService.swift */,
			);
			path = Services;
			sourceTree = "<group>";
		};
		37200F6A24996CDB007602F7 /* ViewData */ = {
			isa = PBXGroup;
			children = (
				37200F6424996705007602F7 /* WeatherViewData.swift */,
				37200F7F2499D096007602F7 /* ForecastViewData.swift */,
			);
			path = ViewData;
			sourceTree = "<group>";
		};
		37200F6B24997571007602F7 /* Navigation */ = {
			isa = PBXGroup;
			children = (
				37200F6C24997587007602F7 /* MainNavigator.swift */,
				37200F6E2499759B007602F7 /* Navigator.swift */,
			);
			path = Navigation;
			sourceTree = "<group>";
		};
		37200F7024997C56007602F7 /* Extensions */ = {
			isa = PBXGroup;
			children = (
				37200F7124997C8A007602F7 /* Date+Extensios.swift */,
			);
			path = Extensions;
			sourceTree = "<group>";
		};
		37200F7324997EC9007602F7 /* Components */ = {
			isa = PBXGroup;
			children = (
				37200F7424997EE3007602F7 /* Forecast */,
			);
			path = Components;
			sourceTree = "<group>";
		};
		37200F7424997EE3007602F7 /* Forecast */ = {
			isa = PBXGroup;
			children = (
				37200F7524997F29007602F7 /* ForecastView.swift */,
				37200F79249985E1007602F7 /* ForecastCell.swift */,
				37200F7B249986C4007602F7 /* ForecastCollection.swift */,
			);
			path = Forecast;
			sourceTree = "<group>";
		};
		37BF45BA249861460094E700 /* Protocols */ = {
			isa = PBXGroup;
			children = (
				37BF45BB249861570094E700 /* ViewCodable.swift */,
			);
			path = Protocols;
			sourceTree = "<group>";
		};
		37BF45BD2498616C0094E700 /* Views */ = {
			isa = PBXGroup;
			children = (
				37BF45C0249861D20094E700 /* WeatherConditionView.swift */,
				37200F7D2499C41A007602F7 /* WeatherTemperatureView.swift */,
			);
			path = Views;
			sourceTree = "<group>";
		};
		37BF45BE2498616E0094E700 /* ViewControllers */ = {
			isa = PBXGroup;
			children = (
				371BDD90249818610092DE11 /* WeatherViewController.swift */,
			);
			path = ViewControllers;
			sourceTree = "<group>";
		};
		37BF45BF2498616F0094E700 /* ViewModels */ = {
			isa = PBXGroup;
			children = (
				37200F622499618C007602F7 /* WeatherViewModel.swift */,
			);
			path = ViewModels;
			sourceTree = "<group>";
		};
		37BF45C42498652C0094E700 /* Fonts */ = {
			isa = PBXGroup;
			children = (
				37BF45C52498652C0094E700 /* SF-Pro-Rounded-Semibold.otf */,
				37BF45C62498652C0094E700 /* SF-Pro-Rounded-Regular.otf */,
				37BF45C72498652C0094E700 /* SF-Pro-Rounded-Black.otf */,
				37BF45C82498652C0094E700 /* SF-Pro-Rounded-Light.otf */,
				37BF45C92498652C0094E700 /* SF-Pro-Rounded-Thin.otf */,
				37BF45CA2498652C0094E700 /* SF-Pro-Rounded-Medium.otf */,
				37BF45CB2498652C0094E700 /* SF-Pro-Rounded-Ultralight.otf */,
				37BF45CC2498652C0094E700 /* SF-Pro-Rounded-Heavy.otf */,
				37BF45CD2498652C0094E700 /* SF-Pro-Rounded-Bold.otf */,
			);
			path = Fonts;
			sourceTree = "<group>";
		};
		37C08C472498291900D29842 /* Protocols */ = {
			isa = PBXGroup;
			children = (
				37C08C482498292600D29842 /* EncoderType.swift */,
				37C08C4A2498293500D29842 /* ParameterEncoderType.swift */,
			);
			path = Protocols;
			sourceTree = "<group>";
		};
		37C08C5624982A2500D29842 /* Error */ = {
			isa = PBXGroup;
			children = (
				37C08C5724982A2F00D29842 /* WeatherError.swift */,
			);
			path = Error;
			sourceTree = "<group>";
		};
		5F48B33CE8179B4DE11D6915 /* Frameworks */ = {
			isa = PBXGroup;
			children = (
				0BE4EEBF6EE7BC6FFBDD745C /* libPods-Weather.a */,
				091F32E225DA39111C85B9B8 /* libPods-Weather-WeatherTests.a */,
			);
			name = Frameworks;
			sourceTree = "<group>";
		};
		BFCB788534EEFD23C36FCBF1 /* Pods */ = {
			isa = PBXGroup;
			children = (
				21D46AD6490B471F914C476F /* Pods-Weather.debug.xcconfig */,
				DA174FB06237E7FACB8C2A95 /* Pods-Weather.release.xcconfig */,
				20622E0ACFE6212B48F89633 /* Pods-Weather-WeatherTests.debug.xcconfig */,
				5A35FE576F7110F4FEE6DAC3 /* Pods-Weather-WeatherTests.release.xcconfig */,
			);
			path = Pods;
			sourceTree = "<group>";
		};
/* End PBXGroup section */

/* Begin PBXNativeTarget section */
		371BDD88249818610092DE11 /* Weather */ = {
			isa = PBXNativeTarget;
			buildConfigurationList = 371BDDA8249818620092DE11 /* Build configuration list for PBXNativeTarget "Weather" */;
			buildPhases = (
				41B0171BC6B3A5FBF4DC05FF /* [CP] Check Pods Manifest.lock */,
				37C08C3E2498210700D29842 /* R.swift */,
				371BDD85249818610092DE11 /* Sources */,
				371BDD86249818610092DE11 /* Frameworks */,
				371BDD87249818610092DE11 /* Resources */,
				37C08C3D24981FCA00D29842 /* SwiftLint */,
			);
			buildRules = (
			);
			dependencies = (
			);
			name = Weather;
			productName = Weather;
			productReference = 371BDD89249818610092DE11 /* Weather.app */;
			productType = "com.apple.product-type.application";
		};
		371BDD9E249818620092DE11 /* WeatherTests */ = {
			isa = PBXNativeTarget;
			buildConfigurationList = 371BDDAB249818620092DE11 /* Build configuration list for PBXNativeTarget "WeatherTests" */;
			buildPhases = (
				C9546B614C3FF55CE66C21B0 /* [CP] Check Pods Manifest.lock */,
				371BDD9B249818620092DE11 /* Sources */,
				371BDD9C249818620092DE11 /* Frameworks */,
				371BDD9D249818620092DE11 /* Resources */,
			);
			buildRules = (
			);
			dependencies = (
				371BDDA1249818620092DE11 /* PBXTargetDependency */,
			);
			name = WeatherTests;
			productName = WeatherTests;
			productReference = 371BDD9F249818620092DE11 /* WeatherTests.xctest */;
			productType = "com.apple.product-type.bundle.unit-test";
		};
/* End PBXNativeTarget section */

/* Begin PBXProject section */
		371BDD81249818610092DE11 /* Project object */ = {
			isa = PBXProject;
			attributes = {
				LastSwiftUpdateCheck = 1130;
				LastUpgradeCheck = 1130;
				ORGANIZATIONNAME = domene;
				TargetAttributes = {
					371BDD88249818610092DE11 = {
						CreatedOnToolsVersion = 11.3;
					};
					371BDD9E249818620092DE11 = {
						CreatedOnToolsVersion = 11.3;
						LastSwiftMigration = 1130;
						TestTargetID = 371BDD88249818610092DE11;
					};
				};
			};
			buildConfigurationList = 371BDD84249818610092DE11 /* Build configuration list for PBXProject "Weather" */;
			compatibilityVersion = "Xcode 9.3";
			developmentRegion = en;
			hasScannedForEncodings = 0;
			knownRegions = (
				en,
				Base,
			);
			mainGroup = 371BDD80249818610092DE11;
			productRefGroup = 371BDD8A249818610092DE11 /* Products */;
			projectDirPath = "";
			projectRoot = "";
			targets = (
				371BDD88249818610092DE11 /* Weather */,
				371BDD9E249818620092DE11 /* WeatherTests */,
			);
		};
/* End PBXProject section */

/* Begin PBXResourcesBuildPhase section */
		371BDD87249818610092DE11 /* Resources */ = {
			isa = PBXResourcesBuildPhase;
			buildActionMask = 2147483647;
			files = (
				37BF45D42498652C0094E700 /* SF-Pro-Rounded-Ultralight.otf in Resources */,
				371BDD99249818620092DE11 /* LaunchScreen.storyboard in Resources */,
				37BF45D22498652C0094E700 /* SF-Pro-Rounded-Thin.otf in Resources */,
				37BF45D12498652C0094E700 /* SF-Pro-Rounded-Light.otf in Resources */,
				37BF45D32498652C0094E700 /* SF-Pro-Rounded-Medium.otf in Resources */,
				37BF45CF2498652C0094E700 /* SF-Pro-Rounded-Regular.otf in Resources */,
				37BF45D62498652C0094E700 /* SF-Pro-Rounded-Bold.otf in Resources */,
				37BF45D52498652C0094E700 /* SF-Pro-Rounded-Heavy.otf in Resources */,
				37BF45DA2498674A0094E700 /* weather-condition.png in Resources */,
				37BF45D02498652C0094E700 /* SF-Pro-Rounded-Black.otf in Resources */,
				37BF45CE2498652C0094E700 /* SF-Pro-Rounded-Semibold.otf in Resources */,
				371BDD96249818620092DE11 /* Assets.xcassets in Resources */,
			);
			runOnlyForDeploymentPostprocessing = 0;
		};
		371BDD9D249818620092DE11 /* Resources */ = {
			isa = PBXResourcesBuildPhase;
			buildActionMask = 2147483647;
			files = (
			);
			runOnlyForDeploymentPostprocessing = 0;
		};
/* End PBXResourcesBuildPhase section */

/* Begin PBXShellScriptBuildPhase section */
		37C08C3D24981FCA00D29842 /* SwiftLint */ = {
			isa = PBXShellScriptBuildPhase;
			buildActionMask = 2147483647;
			files = (
			);
			inputFileListPaths = (
			);
			inputPaths = (
			);
			name = SwiftLint;
			outputFileListPaths = (
			);
			outputPaths = (
			);
			runOnlyForDeploymentPostprocessing = 0;
			shellPath = /bin/sh;
			shellScript = "\"${PODS_ROOT}/SwiftLint/swiftlint\"\n";
		};
		37C08C3E2498210700D29842 /* R.swift */ = {
			isa = PBXShellScriptBuildPhase;
			buildActionMask = 2147483647;
			files = (
			);
			inputFileListPaths = (
			);
			inputPaths = (
				"$TEMP_DIR/rswift-lastrun",
			);
			name = R.swift;
			outputFileListPaths = (
			);
			outputPaths = (
				$SRCROOT/Weather/Resources/R.generated.swift,
			);
			runOnlyForDeploymentPostprocessing = 0;
			shellPath = /bin/sh;
			shellScript = "\"$PODS_ROOT/R.swift/rswift\" generate \"$SRCROOT/Weather/Resources/R.generated.swift\"\n";
		};
		41B0171BC6B3A5FBF4DC05FF /* [CP] Check Pods Manifest.lock */ = {
			isa = PBXShellScriptBuildPhase;
			buildActionMask = 2147483647;
			files = (
			);
			inputFileListPaths = (
			);
			inputPaths = (
				"${PODS_PODFILE_DIR_PATH}/Podfile.lock",
				"${PODS_ROOT}/Manifest.lock",
			);
			name = "[CP] Check Pods Manifest.lock";
			outputFileListPaths = (
			);
			outputPaths = (
				"$(DERIVED_FILE_DIR)/Pods-Weather-checkManifestLockResult.txt",
			);
			runOnlyForDeploymentPostprocessing = 0;
			shellPath = /bin/sh;
			shellScript = "diff \"${PODS_PODFILE_DIR_PATH}/Podfile.lock\" \"${PODS_ROOT}/Manifest.lock\" > /dev/null\nif [ $? != 0 ] ; then\n    # print error to STDERR\n    echo \"error: The sandbox is not in sync with the Podfile.lock. Run 'pod install' or update your CocoaPods installation.\" >&2\n    exit 1\nfi\n# This output is used by Xcode 'outputs' to avoid re-running this script phase.\necho \"SUCCESS\" > \"${SCRIPT_OUTPUT_FILE_0}\"\n";
			showEnvVarsInLog = 0;
		};
		C9546B614C3FF55CE66C21B0 /* [CP] Check Pods Manifest.lock */ = {
			isa = PBXShellScriptBuildPhase;
			buildActionMask = 2147483647;
			files = (
			);
			inputFileListPaths = (
			);
			inputPaths = (
				"${PODS_PODFILE_DIR_PATH}/Podfile.lock",
				"${PODS_ROOT}/Manifest.lock",
			);
			name = "[CP] Check Pods Manifest.lock";
			outputFileListPaths = (
			);
			outputPaths = (
				"$(DERIVED_FILE_DIR)/Pods-Weather-WeatherTests-checkManifestLockResult.txt",
			);
			runOnlyForDeploymentPostprocessing = 0;
			shellPath = /bin/sh;
			shellScript = "diff \"${PODS_PODFILE_DIR_PATH}/Podfile.lock\" \"${PODS_ROOT}/Manifest.lock\" > /dev/null\nif [ $? != 0 ] ; then\n    # print error to STDERR\n    echo \"error: The sandbox is not in sync with the Podfile.lock. Run 'pod install' or update your CocoaPods installation.\" >&2\n    exit 1\nfi\n# This output is used by Xcode 'outputs' to avoid re-running this script phase.\necho \"SUCCESS\" > \"${SCRIPT_OUTPUT_FILE_0}\"\n";
			showEnvVarsInLog = 0;
		};
/* End PBXShellScriptBuildPhase section */

/* Begin PBXSourcesBuildPhase section */
		371BDD85249818610092DE11 /* Sources */ = {
			isa = PBXSourcesBuildPhase;
			buildActionMask = 2147483647;
			files = (
				371BDD91249818610092DE11 /* WeatherViewController.swift in Sources */,
				37BF45BC249861570094E700 /* ViewCodable.swift in Sources */,
				37200F7E2499C41A007602F7 /* WeatherTemperatureView.swift in Sources */,
				37C08C53249829CD00D29842 /* URLSessionType.swift in Sources */,
				37C08C4B2498293500D29842 /* ParameterEncoderType.swift in Sources */,
				37200F6D24997587007602F7 /* MainNavigator.swift in Sources */,
				37200F6124987DFF007602F7 /* WeatherColor.swift in Sources */,
				37BF45C1249861D20094E700 /* WeatherConditionView.swift in Sources */,
				371BDD8D249818610092DE11 /* AppDelegate.swift in Sources */,
				37C08C6024984E1100D29842 /* Forecast.swift in Sources */,
				37BF45B924985D3B0094E700 /* Temperature.swift in Sources */,
				37200F6524996705007602F7 /* WeatherViewData.swift in Sources */,
				37200F6F2499759B007602F7 /* Navigator.swift in Sources */,
				37C08C46249828F100D29842 /* HTTPMethod.swift in Sources */,
				37200F7A249985E1007602F7 /* ForecastCell.swift in Sources */,
				37C08C422498283400D29842 /* WeatherAPI.swift in Sources */,
				37200F7224997C8A007602F7 /* Date+Extensios.swift in Sources */,
				37BF45B324985CF20094E700 /* WeatherResponse.swift in Sources */,
				37BF45B724985D230094E700 /* WeatherInfo.swift in Sources */,
				37C08C4F2498297F00D29842 /* URLEncoder.swift in Sources */,
				37200F6924996C70007602F7 /* GradientColor.swift in Sources */,
				37200F6724996C5D007602F7 /* WeatherConditionColor.swift in Sources */,
				37C08C442498286800D29842 /* Route.swift in Sources */,
				371BDD8F249818610092DE11 /* SceneDelegate.swift in Sources */,
				37C08C5E24983AF500D29842 /* WeatherService.swift in Sources */,
				37C08C492498292600D29842 /* EncoderType.swift in Sources */,
				37C08C5824982A2F00D29842 /* WeatherError.swift in Sources */,
				37C08C5524982A0A00D29842 /* NetworkManager.swift in Sources */,
				37200F632499618C007602F7 /* WeatherViewModel.swift in Sources */,
				37BF45B524985D080094E700 /* Weather.swift in Sources */,
				37C08C4D2498295800D29842 /* ParameterEncoder.swift in Sources */,
				37200F7C249986C4007602F7 /* ForecastCollection.swift in Sources */,
				37C08C512498299100D29842 /* BodyEncoder.swift in Sources */,
				37200F802499D096007602F7 /* ForecastViewData.swift in Sources */,
				37C08C402498223D00D29842 /* R.generated.swift in Sources */,
				37200F7624997F29007602F7 /* ForecastView.swift in Sources */,
			);
			runOnlyForDeploymentPostprocessing = 0;
		};
		371BDD9B249818620092DE11 /* Sources */ = {
			isa = PBXSourcesBuildPhase;
			buildActionMask = 2147483647;
			files = (
				37BF45C3249863320094E700 /* WeatherConditionViewTests.swift in Sources */,
				37200F7824998147007602F7 /* ForecastViewTests.swift in Sources */,
			);
			runOnlyForDeploymentPostprocessing = 0;
		};
/* End PBXSourcesBuildPhase section */

/* Begin PBXTargetDependency section */
		371BDDA1249818620092DE11 /* PBXTargetDependency */ = {
			isa = PBXTargetDependency;
			target = 371BDD88249818610092DE11 /* Weather */;
			targetProxy = 371BDDA0249818620092DE11 /* PBXContainerItemProxy */;
		};
/* End PBXTargetDependency section */

/* Begin PBXVariantGroup section */
		371BDD97249818620092DE11 /* LaunchScreen.storyboard */ = {
			isa = PBXVariantGroup;
			children = (
				371BDD98249818620092DE11 /* Base */,
			);
			name = LaunchScreen.storyboard;
			sourceTree = "<group>";
		};
/* End PBXVariantGroup section */

/* Begin XCBuildConfiguration section */
		371BDDA6249818620092DE11 /* Debug */ = {
			isa = XCBuildConfiguration;
			buildSettings = {
				ALWAYS_SEARCH_USER_PATHS = NO;
				CLANG_ANALYZER_NONNULL = YES;
				CLANG_ANALYZER_NUMBER_OBJECT_CONVERSION = YES_AGGRESSIVE;
				CLANG_CXX_LANGUAGE_STANDARD = "gnu++14";
				CLANG_CXX_LIBRARY = "libc++";
				CLANG_ENABLE_MODULES = YES;
				CLANG_ENABLE_OBJC_ARC = YES;
				CLANG_ENABLE_OBJC_WEAK = YES;
				CLANG_WARN_BLOCK_CAPTURE_AUTORELEASING = YES;
				CLANG_WARN_BOOL_CONVERSION = YES;
				CLANG_WARN_COMMA = YES;
				CLANG_WARN_CONSTANT_CONVERSION = YES;
				CLANG_WARN_DEPRECATED_OBJC_IMPLEMENTATIONS = YES;
				CLANG_WARN_DIRECT_OBJC_ISA_USAGE = YES_ERROR;
				CLANG_WARN_DOCUMENTATION_COMMENTS = YES;
				CLANG_WARN_EMPTY_BODY = YES;
				CLANG_WARN_ENUM_CONVERSION = YES;
				CLANG_WARN_INFINITE_RECURSION = YES;
				CLANG_WARN_INT_CONVERSION = YES;
				CLANG_WARN_NON_LITERAL_NULL_CONVERSION = YES;
				CLANG_WARN_OBJC_IMPLICIT_RETAIN_SELF = YES;
				CLANG_WARN_OBJC_LITERAL_CONVERSION = YES;
				CLANG_WARN_OBJC_ROOT_CLASS = YES_ERROR;
				CLANG_WARN_RANGE_LOOP_ANALYSIS = YES;
				CLANG_WARN_STRICT_PROTOTYPES = YES;
				CLANG_WARN_SUSPICIOUS_MOVE = YES;
				CLANG_WARN_UNGUARDED_AVAILABILITY = YES_AGGRESSIVE;
				CLANG_WARN_UNREACHABLE_CODE = YES;
				CLANG_WARN__DUPLICATE_METHOD_MATCH = YES;
				COPY_PHASE_STRIP = NO;
				DEBUG_INFORMATION_FORMAT = dwarf;
				ENABLE_STRICT_OBJC_MSGSEND = YES;
				ENABLE_TESTABILITY = YES;
				GCC_C_LANGUAGE_STANDARD = gnu11;
				GCC_DYNAMIC_NO_PIC = NO;
				GCC_NO_COMMON_BLOCKS = YES;
				GCC_OPTIMIZATION_LEVEL = 0;
				GCC_PREPROCESSOR_DEFINITIONS = (
					"DEBUG=1",
					"$(inherited)",
				);
				GCC_WARN_64_TO_32_BIT_CONVERSION = YES;
				GCC_WARN_ABOUT_RETURN_TYPE = YES_ERROR;
				GCC_WARN_UNDECLARED_SELECTOR = YES;
				GCC_WARN_UNINITIALIZED_AUTOS = YES_AGGRESSIVE;
				GCC_WARN_UNUSED_FUNCTION = YES;
				GCC_WARN_UNUSED_VARIABLE = YES;
				IPHONEOS_DEPLOYMENT_TARGET = 13.2;
				MTL_ENABLE_DEBUG_INFO = INCLUDE_SOURCE;
				MTL_FAST_MATH = YES;
				ONLY_ACTIVE_ARCH = YES;
				SDKROOT = iphoneos;
				SWIFT_ACTIVE_COMPILATION_CONDITIONS = DEBUG;
				SWIFT_OPTIMIZATION_LEVEL = "-Onone";
			};
			name = Debug;
		};
		371BDDA7249818620092DE11 /* Release */ = {
			isa = XCBuildConfiguration;
			buildSettings = {
				ALWAYS_SEARCH_USER_PATHS = NO;
				CLANG_ANALYZER_NONNULL = YES;
				CLANG_ANALYZER_NUMBER_OBJECT_CONVERSION = YES_AGGRESSIVE;
				CLANG_CXX_LANGUAGE_STANDARD = "gnu++14";
				CLANG_CXX_LIBRARY = "libc++";
				CLANG_ENABLE_MODULES = YES;
				CLANG_ENABLE_OBJC_ARC = YES;
				CLANG_ENABLE_OBJC_WEAK = YES;
				CLANG_WARN_BLOCK_CAPTURE_AUTORELEASING = YES;
				CLANG_WARN_BOOL_CONVERSION = YES;
				CLANG_WARN_COMMA = YES;
				CLANG_WARN_CONSTANT_CONVERSION = YES;
				CLANG_WARN_DEPRECATED_OBJC_IMPLEMENTATIONS = YES;
				CLANG_WARN_DIRECT_OBJC_ISA_USAGE = YES_ERROR;
				CLANG_WARN_DOCUMENTATION_COMMENTS = YES;
				CLANG_WARN_EMPTY_BODY = YES;
				CLANG_WARN_ENUM_CONVERSION = YES;
				CLANG_WARN_INFINITE_RECURSION = YES;
				CLANG_WARN_INT_CONVERSION = YES;
				CLANG_WARN_NON_LITERAL_NULL_CONVERSION = YES;
				CLANG_WARN_OBJC_IMPLICIT_RETAIN_SELF = YES;
				CLANG_WARN_OBJC_LITERAL_CONVERSION = YES;
				CLANG_WARN_OBJC_ROOT_CLASS = YES_ERROR;
				CLANG_WARN_RANGE_LOOP_ANALYSIS = YES;
				CLANG_WARN_STRICT_PROTOTYPES = YES;
				CLANG_WARN_SUSPICIOUS_MOVE = YES;
				CLANG_WARN_UNGUARDED_AVAILABILITY = YES_AGGRESSIVE;
				CLANG_WARN_UNREACHABLE_CODE = YES;
				CLANG_WARN__DUPLICATE_METHOD_MATCH = YES;
				COPY_PHASE_STRIP = NO;
				DEBUG_INFORMATION_FORMAT = "dwarf-with-dsym";
				ENABLE_NS_ASSERTIONS = NO;
				ENABLE_STRICT_OBJC_MSGSEND = YES;
				GCC_C_LANGUAGE_STANDARD = gnu11;
				GCC_NO_COMMON_BLOCKS = YES;
				GCC_WARN_64_TO_32_BIT_CONVERSION = YES;
				GCC_WARN_ABOUT_RETURN_TYPE = YES_ERROR;
				GCC_WARN_UNDECLARED_SELECTOR = YES;
				GCC_WARN_UNINITIALIZED_AUTOS = YES_AGGRESSIVE;
				GCC_WARN_UNUSED_FUNCTION = YES;
				GCC_WARN_UNUSED_VARIABLE = YES;
				IPHONEOS_DEPLOYMENT_TARGET = 13.2;
				MTL_ENABLE_DEBUG_INFO = NO;
				MTL_FAST_MATH = YES;
				SDKROOT = iphoneos;
				SWIFT_COMPILATION_MODE = wholemodule;
				SWIFT_OPTIMIZATION_LEVEL = "-O";
				VALIDATE_PRODUCT = YES;
			};
			name = Release;
		};
		371BDDA9249818620092DE11 /* Debug */ = {
			isa = XCBuildConfiguration;
			baseConfigurationReference = 21D46AD6490B471F914C476F /* Pods-Weather.debug.xcconfig */;
			buildSettings = {
				ASSETCATALOG_COMPILER_APPICON_NAME = AppIcon;
				CODE_SIGN_STYLE = Automatic;
				DEVELOPMENT_TEAM = 8VWQC7JGT6;
				INFOPLIST_FILE = Weather/Application/Info.plist;
				LD_RUNPATH_SEARCH_PATHS = (
					"$(inherited)",
					"@executable_path/Frameworks",
				);
				PRODUCT_BUNDLE_IDENTIFIER = com.domene.Weather;
				PRODUCT_NAME = "$(TARGET_NAME)";
				SWIFT_VERSION = 5.0;
				TARGETED_DEVICE_FAMILY = "1,2";
			};
			name = Debug;
		};
		371BDDAA249818620092DE11 /* Release */ = {
			isa = XCBuildConfiguration;
			baseConfigurationReference = DA174FB06237E7FACB8C2A95 /* Pods-Weather.release.xcconfig */;
			buildSettings = {
				ASSETCATALOG_COMPILER_APPICON_NAME = AppIcon;
				CODE_SIGN_STYLE = Automatic;
				DEVELOPMENT_TEAM = 8VWQC7JGT6;
				INFOPLIST_FILE = Weather/Application/Info.plist;
				LD_RUNPATH_SEARCH_PATHS = (
					"$(inherited)",
					"@executable_path/Frameworks",
				);
				PRODUCT_BUNDLE_IDENTIFIER = com.domene.Weather;
				PRODUCT_NAME = "$(TARGET_NAME)";
				SWIFT_VERSION = 5.0;
				TARGETED_DEVICE_FAMILY = "1,2";
			};
			name = Release;
		};
		371BDDAC249818620092DE11 /* Debug */ = {
			isa = XCBuildConfiguration;
			baseConfigurationReference = 20622E0ACFE6212B48F89633 /* Pods-Weather-WeatherTests.debug.xcconfig */;
			buildSettings = {
				ALWAYS_EMBED_SWIFT_STANDARD_LIBRARIES = YES;
				BUNDLE_LOADER = "$(TEST_HOST)";
				CLANG_ENABLE_MODULES = YES;
				CODE_SIGN_STYLE = Automatic;
				DEVELOPMENT_TEAM = 8VWQC7JGT6;
				INFOPLIST_FILE = WeatherTests/Info.plist;
				IPHONEOS_DEPLOYMENT_TARGET = 13.2;
				LD_RUNPATH_SEARCH_PATHS = (
					"$(inherited)",
					"@executable_path/Frameworks",
					"@loader_path/Frameworks",
				);
				PRODUCT_BUNDLE_IDENTIFIER = com.domene.WeatherTests;
				PRODUCT_NAME = "$(TARGET_NAME)";
				SWIFT_OPTIMIZATION_LEVEL = "-Onone";
				SWIFT_VERSION = 5.0;
				TARGETED_DEVICE_FAMILY = "1,2";
				TEST_HOST = "$(BUILT_PRODUCTS_DIR)/Weather.app/Weather";
			};
			name = Debug;
		};
		371BDDAD249818620092DE11 /* Release */ = {
			isa = XCBuildConfiguration;
			baseConfigurationReference = 5A35FE576F7110F4FEE6DAC3 /* Pods-Weather-WeatherTests.release.xcconfig */;
			buildSettings = {
				ALWAYS_EMBED_SWIFT_STANDARD_LIBRARIES = YES;
				BUNDLE_LOADER = "$(TEST_HOST)";
				CLANG_ENABLE_MODULES = YES;
				CODE_SIGN_STYLE = Automatic;
				DEVELOPMENT_TEAM = 8VWQC7JGT6;
				INFOPLIST_FILE = WeatherTests/Info.plist;
				IPHONEOS_DEPLOYMENT_TARGET = 13.2;
				LD_RUNPATH_SEARCH_PATHS = (
					"$(inherited)",
					"@executable_path/Frameworks",
					"@loader_path/Frameworks",
				);
				PRODUCT_BUNDLE_IDENTIFIER = com.domene.WeatherTests;
				PRODUCT_NAME = "$(TARGET_NAME)";
				SWIFT_VERSION = 5.0;
				TARGETED_DEVICE_FAMILY = "1,2";
				TEST_HOST = "$(BUILT_PRODUCTS_DIR)/Weather.app/Weather";
			};
			name = Release;
		};
/* End XCBuildConfiguration section */

/* Begin XCConfigurationList section */
		371BDD84249818610092DE11 /* Build configuration list for PBXProject "Weather" */ = {
			isa = XCConfigurationList;
			buildConfigurations = (
				371BDDA6249818620092DE11 /* Debug */,
				371BDDA7249818620092DE11 /* Release */,
			);
			defaultConfigurationIsVisible = 0;
			defaultConfigurationName = Release;
		};
		371BDDA8249818620092DE11 /* Build configuration list for PBXNativeTarget "Weather" */ = {
			isa = XCConfigurationList;
			buildConfigurations = (
				371BDDA9249818620092DE11 /* Debug */,
				371BDDAA249818620092DE11 /* Release */,
			);
			defaultConfigurationIsVisible = 0;
			defaultConfigurationName = Release;
		};
		371BDDAB249818620092DE11 /* Build configuration list for PBXNativeTarget "WeatherTests" */ = {
			isa = XCConfigurationList;
			buildConfigurations = (
				371BDDAC249818620092DE11 /* Debug */,
				371BDDAD249818620092DE11 /* Release */,
			);
			defaultConfigurationIsVisible = 0;
			defaultConfigurationName = Release;
		};
/* End XCConfigurationList section */
	};
	rootObject = 371BDD81249818610092DE11 /* Project object */;
}
